
Microsoft Visual Studio Solution File, Format Version 12.00
# Visual Studio Version 17
VisualStudioVersion = 17.7.34024.191
MinimumVisualStudioVersion = 10.0.40219.1
Project("{FAE04EC0-301F-11D3-BF4B-00C04F79EFBC}") = "1.Students", "1.Students\1.Students.csproj", "{2035C23A-6B7E-4136-85FA-2A0ED506C170}"
EndProject
Project("{FAE04EC0-301F-11D3-BF4B-00C04F79EFBC}") = "2.Articles", "2.Articles\2.Articles.csproj", "{0F157FDA-4B10-473F-83E5-2657A158FADB}"
EndProject
Project("{FAE04EC0-301F-11D3-BF4B-00C04F79EFBC}") = "3.Teamwork_Projects", "3.Teamwork_Projects\3.Teamwork_Projects.csproj", "{513B4D10-86BC-4976-95AF-1C7649E12DBE}"
EndProject
Project("{FAE04EC0-301F-11D3-BF4B-00C04F79EFBC}") = "4.Pokemon _rainer", "4.Pokemon _rainer\4.Pokemon _rainer.csproj", "{07F5EC18-1A53-426D-8B67-2FEF1D69847D}"
EndProject
Global
	GlobalSection(SolutionConfigurationPlatforms) = preSolution
		Debug|Any CPU = Debug|Any CPU
		Release|Any CPU = Release|Any CPU
	EndGlobalSection
	GlobalSection(ProjectConfigurationPlatforms) = postSolution
		{2035C23A-6B7E-4136-85FA-2A0ED506C170}.Debug|Any CPU.ActiveCfg = Debug|Any CPU
		{2035C23A-6B7E-4136-85FA-2A0ED506C170}.Debug|Any CPU.Build.0 = Debug|Any CPU
		{2035C23A-6B7E-4136-85FA-2A0ED506C170}.Release|Any CPU.ActiveCfg = Release|Any CPU
		{2035C23A-6B7E-4136-85FA-2A0ED506C170}.Release|Any CPU.Build.0 = Release|Any CPU
		{0F157FDA-4B10-473F-83E5-2657A158FADB}.Debug|Any CPU.ActiveCfg = Debug|Any CPU
		{0F157FDA-4B10-473F-83E5-2657A158FADB}.Debug|Any CPU.Build.0 = Debug|Any CPU
		{0F157FDA-4B10-473F-83E5-2657A158FADB}.Release|Any CPU.ActiveCfg = Release|Any CPU
		{0F157FDA-4B10-473F-83E5-2657A158FADB}.Release|Any CPU.Build.0 = Release|Any CPU
		{513B4D10-86BC-4976-95AF-1C7649E12DBE}.Debug|Any CPU.ActiveCfg = Debug|Any CPU
		{513B4D10-86BC-4976-95AF-1C7649E12DBE}.Debug|Any CPU.Build.0 = Debug|Any CPU
		{513B4D10-86BC-4976-95AF-1C7649E12DBE}.Release|Any CPU.ActiveCfg = Release|Any CPU
		{513B4D10-86BC-4976-95AF-1C7649E12DBE}.Release|Any CPU.Build.0 = Release|Any CPU
		{07F5EC18-1A53-426D-8B67-2FEF1D69847D}.Debug|Any CPU.ActiveCfg = Debug|Any CPU
		{07F5EC18-1A53-426D-8B67-2FEF1D69847D}.Debug|Any CPU.Build.0 = Debug|Any CPU
		{07F5EC18-1A53-426D-8B67-2FEF1D69847D}.Release|Any CPU.ActiveCfg = Release|Any CPU
		{07F5EC18-1A53-426D-8B67-2FEF1D69847D}.Release|Any CPU.Build.0 = Release|Any CPU
	EndGlobalSection
	GlobalSection(SolutionProperties) = preSolution
		HideSolutionNode = FALSE
	EndGlobalSection
	GlobalSection(ExtensibilityGlobals) = postSolution
		SolutionGuid = {24C74E66-62AE-43F8-B987-4CE0911AB3BE}
	EndGlobalSection
EndGlobal
